
Microsoft Visual Studio Solution File, Format Version 12.00
# Visual Studio Version 17
VisualStudioVersion = 17.4.33213.308
MinimumVisualStudioVersion = 10.0.40219.1
Project("{E24C65DC-7377-472B-9ABA-BC803B73C61A}") = "Hackathon_22_208_0012", "Hackathon_22_208_0012\", "{84E715FC-CE1B-43F6-B66B-31E5B21DB078}"
	ProjectSection(WebsiteProperties) = preProject
		TargetFrameworkMoniker = ".NETFramework,Version%3Dv4.8"
		ProjectReferences = ""
		Debug.AspNetCompiler.VirtualPath = "/localhost_50099"
		Debug.AspNetCompiler.PhysicalPath = "Hackathon_22_208_0012\"
		Debug.AspNetCompiler.TargetPath = "PrecompiledWeb\localhost_50099\"
		Debug.AspNetCompiler.Updateable = "true"
		Debug.AspNetCompiler.ForceOverwrite = "true"
		Debug.AspNetCompiler.FixedNames = "false"
		Debug.AspNetCompiler.Debug = "True"
		Release.AspNetCompiler.VirtualPath = "/localhost_50099"
		Release.AspNetCompiler.PhysicalPath = "Hackathon_22_208_0012\"
		Release.AspNetCompiler.TargetPath = "PrecompiledWeb\localhost_50099\"
		Release.AspNetCompiler.Updateable = "true"
		Release.AspNetCompiler.ForceOverwrite = "true"
		Release.AspNetCompiler.FixedNames = "false"
		Release.AspNetCompiler.Debug = "False"
		VWDPort = "50099"
		SlnRelativePath = "Hackathon_22_208_0012\"
	EndProjectSection
EndProject
Project("{FAE04EC0-301F-11D3-BF4B-00C04F79EFBC}") = "ACPROOpenAI", "ACPROOpenAI\ACPROOpenAI.csproj", "{C34BAD47-4C10-4E54-9C79-EB9D5C5A1629}"
EndProject
Global
	GlobalSection(SolutionConfigurationPlatforms) = preSolution
		Debug|Any CPU = Debug|Any CPU
		Release|Any CPU = Release|Any CPU
	EndGlobalSection
	GlobalSection(ProjectConfigurationPlatforms) = postSolution
		{84E715FC-CE1B-43F6-B66B-31E5B21DB078}.Debug|Any CPU.ActiveCfg = Debug|Any CPU
		{84E715FC-CE1B-43F6-B66B-31E5B21DB078}.Debug|Any CPU.Build.0 = Debug|Any CPU
		{84E715FC-CE1B-43F6-B66B-31E5B21DB078}.Release|Any CPU.ActiveCfg = Debug|Any CPU
		{84E715FC-CE1B-43F6-B66B-31E5B21DB078}.Release|Any CPU.Build.0 = Debug|Any CPU
		{C34BAD47-4C10-4E54-9C79-EB9D5C5A1629}.Debug|Any CPU.ActiveCfg = Debug|Any CPU
		{C34BAD47-4C10-4E54-9C79-EB9D5C5A1629}.Debug|Any CPU.Build.0 = Debug|Any CPU
		{C34BAD47-4C10-4E54-9C79-EB9D5C5A1629}.Release|Any CPU.ActiveCfg = Release|Any CPU
		{C34BAD47-4C10-4E54-9C79-EB9D5C5A1629}.Release|Any CPU.Build.0 = Release|Any CPU
	EndGlobalSection
	GlobalSection(SolutionProperties) = preSolution
		HideSolutionNode = FALSE
	EndGlobalSection
	GlobalSection(ExtensibilityGlobals) = postSolution
		SolutionGuid = {3E29AB4D-96DB-450B-9DCD-38A77F97172D}
	EndGlobalSection
EndGlobal
